
Microsoft Visual Studio Solution File, Format Version 12.00
# Visual Studio 14
VisualStudioVersion = 14.0.25420.1
MinimumVisualStudioVersion = 10.0.40219.1
Project("{FAE04EC0-301F-11D3-BF4B-00C04F79EFBC}") = "MyContest", "MyContest\MyContest.csproj", "{458F43B8-5F2F-45FD-ACE7-E21F80FCEF68}"
EndProject
Project("{FAE04EC0-301F-11D3-BF4B-00C04F79EFBC}") = "ZFramework", "ZCore\ZFramework.csproj", "{6798CE22-32A4-4813-A926-E808F868C9B8}"
EndProject
Project("{FAE04EC0-301F-11D3-BF4B-00C04F79EFBC}") = "QuickFont", "QuickFont\QuickFont\QuickFont.csproj", "{BBECE6FC-EF63-40F8-A734-A500D1DFC1AF}"
EndProject
Project("{FAE04EC0-301F-11D3-BF4B-00C04F79EFBC}") = "Server", "Server\Server\Server.csproj", "{DC8838B8-FD4B-4A71-8BCC-F50F47B0D10A}"
EndProject
Project("{FAE04EC0-301F-11D3-BF4B-00C04F79EFBC}") = "Client", "Client\Client\Client.csproj", "{EFC60277-3272-49A2-A763-A9E5B3A33DB4}"
EndProject
Project("{FAE04EC0-301F-11D3-BF4B-00C04F79EFBC}") = "SimpleContest", "SimpleContest\SimpleContest.csproj", "{DDA76AFA-DC0D-46C1-B8C4-2680F4A49744}"
EndProject
Global
	GlobalSection(SolutionConfigurationPlatforms) = preSolution
		Debug|Any CPU = Debug|Any CPU
		Debug|x64 = Debug|x64
		Debug|x86 = Debug|x86
		Release|Any CPU = Release|Any CPU
		Release|x64 = Release|x64
		Release|x86 = Release|x86
	EndGlobalSection
	GlobalSection(ProjectConfigurationPlatforms) = postSolution
		{458F43B8-5F2F-45FD-ACE7-E21F80FCEF68}.Debug|Any CPU.ActiveCfg = Debug|Any CPU
		{458F43B8-5F2F-45FD-ACE7-E21F80FCEF68}.Debug|Any CPU.Build.0 = Debug|Any CPU
		{458F43B8-5F2F-45FD-ACE7-E21F80FCEF68}.Debug|x64.ActiveCfg = Debug|Any CPU
		{458F43B8-5F2F-45FD-ACE7-E21F80FCEF68}.Debug|x64.Build.0 = Debug|Any CPU
		{458F43B8-5F2F-45FD-ACE7-E21F80FCEF68}.Debug|x86.ActiveCfg = Debug|Any CPU
		{458F43B8-5F2F-45FD-ACE7-E21F80FCEF68}.Debug|x86.Build.0 = Debug|Any CPU
		{458F43B8-5F2F-45FD-ACE7-E21F80FCEF68}.Release|Any CPU.ActiveCfg = Release|Any CPU
		{458F43B8-5F2F-45FD-ACE7-E21F80FCEF68}.Release|Any CPU.Build.0 = Release|Any CPU
		{458F43B8-5F2F-45FD-ACE7-E21F80FCEF68}.Release|x64.ActiveCfg = Release|Any CPU
		{458F43B8-5F2F-45FD-ACE7-E21F80FCEF68}.Release|x64.Build.0 = Release|Any CPU
		{458F43B8-5F2F-45FD-ACE7-E21F80FCEF68}.Release|x86.ActiveCfg = Release|Any CPU
		{458F43B8-5F2F-45FD-ACE7-E21F80FCEF68}.Release|x86.Build.0 = Release|Any CPU
		{6798CE22-32A4-4813-A926-E808F868C9B8}.Debug|Any CPU.ActiveCfg = Debug|Any CPU
		{6798CE22-32A4-4813-A926-E808F868C9B8}.Debug|Any CPU.Build.0 = Debug|Any CPU
		{6798CE22-32A4-4813-A926-E808F868C9B8}.Debug|x64.ActiveCfg = Debug|Any CPU
		{6798CE22-32A4-4813-A926-E808F868C9B8}.Debug|x64.Build.0 = Debug|Any CPU
		{6798CE22-32A4-4813-A926-E808F868C9B8}.Debug|x86.ActiveCfg = Debug|Any CPU
		{6798CE22-32A4-4813-A926-E808F868C9B8}.Debug|x86.Build.0 = Debug|Any CPU
		{6798CE22-32A4-4813-A926-E808F868C9B8}.Release|Any CPU.ActiveCfg = Release|Any CPU
		{6798CE22-32A4-4813-A926-E808F868C9B8}.Release|Any CPU.Build.0 = Release|Any CPU
		{6798CE22-32A4-4813-A926-E808F868C9B8}.Release|x64.ActiveCfg = Release|Any CPU
		{6798CE22-32A4-4813-A926-E808F868C9B8}.Release|x64.Build.0 = Release|Any CPU
		{6798CE22-32A4-4813-A926-E808F868C9B8}.Release|x86.ActiveCfg = Release|Any CPU
		{6798CE22-32A4-4813-A926-E808F868C9B8}.Release|x86.Build.0 = Release|Any CPU
		{BBECE6FC-EF63-40F8-A734-A500D1DFC1AF}.Debug|Any CPU.ActiveCfg = Debug|Any CPU
		{BBECE6FC-EF63-40F8-A734-A500D1DFC1AF}.Debug|Any CPU.Build.0 = Debug|Any CPU
		{BBECE6FC-EF63-40F8-A734-A500D1DFC1AF}.Debug|x64.ActiveCfg = Debug|Any CPU
		{BBECE6FC-EF63-40F8-A734-A500D1DFC1AF}.Debug|x64.Build.0 = Debug|Any CPU
		{BBECE6FC-EF63-40F8-A734-A500D1DFC1AF}.Debug|x86.ActiveCfg = Debug|x86
		{BBECE6FC-EF63-40F8-A734-A500D1DFC1AF}.Debug|x86.Build.0 = Debug|x86
		{BBECE6FC-EF63-40F8-A734-A500D1DFC1AF}.Release|Any CPU.ActiveCfg = Release|Any CPU
		{BBECE6FC-EF63-40F8-A734-A500D1DFC1AF}.Release|Any CPU.Build.0 = Release|Any CPU
		{BBECE6FC-EF63-40F8-A734-A500D1DFC1AF}.Release|x64.ActiveCfg = Release|Any CPU
		{BBECE6FC-EF63-40F8-A734-A500D1DFC1AF}.Release|x64.Build.0 = Release|Any CPU
		{BBECE6FC-EF63-40F8-A734-A500D1DFC1AF}.Release|x86.ActiveCfg = Release|x86
		{BBECE6FC-EF63-40F8-A734-A500D1DFC1AF}.Release|x86.Build.0 = Release|x86
		{DC8838B8-FD4B-4A71-8BCC-F50F47B0D10A}.Debug|Any CPU.ActiveCfg = Debug|Any CPU
		{DC8838B8-FD4B-4A71-8BCC-F50F47B0D10A}.Debug|Any CPU.Build.0 = Debug|Any CPU
		{DC8838B8-FD4B-4A71-8BCC-F50F47B0D10A}.Debug|x64.ActiveCfg = Debug|Any CPU
		{DC8838B8-FD4B-4A71-8BCC-F50F47B0D10A}.Debug|x64.Build.0 = Debug|Any CPU
		{DC8838B8-FD4B-4A71-8BCC-F50F47B0D10A}.Debug|x86.ActiveCfg = Debug|Any CPU
		{DC8838B8-FD4B-4A71-8BCC-F50F47B0D10A}.Debug|x86.Build.0 = Debug|Any CPU
		{DC8838B8-FD4B-4A71-8BCC-F50F47B0D10A}.Release|Any CPU.ActiveCfg = Release|Any CPU
		{DC8838B8-FD4B-4A71-8BCC-F50F47B0D10A}.Release|Any CPU.Build.0 = Release|Any CPU
		{DC8838B8-FD4B-4A71-8BCC-F50F47B0D10A}.Release|x64.ActiveCfg = Release|Any CPU
		{DC8838B8-FD4B-4A71-8BCC-F50F47B0D10A}.Release|x64.Build.0 = Release|Any CPU
		{DC8838B8-FD4B-4A71-8BCC-F50F47B0D10A}.Release|x86.ActiveCfg = Release|Any CPU
		{DC8838B8-FD4B-4A71-8BCC-F50F47B0D10A}.Release|x86.Build.0 = Release|Any CPU
		{EFC60277-3272-49A2-A763-A9E5B3A33DB4}.Debug|Any CPU.ActiveCfg = Debug|Any CPU
		{EFC60277-3272-49A2-A763-A9E5B3A33DB4}.Debug|Any CPU.Build.0 = Debug|Any CPU
		{EFC60277-3272-49A2-A763-A9E5B3A33DB4}.Debug|x64.ActiveCfg = Debug|Any CPU
		{EFC60277-3272-49A2-A763-A9E5B3A33DB4}.Debug|x64.Build.0 = Debug|Any CPU
		{EFC60277-3272-49A2-A763-A9E5B3A33DB4}.Debug|x86.ActiveCfg = Debug|Any CPU
		{EFC60277-3272-49A2-A763-A9E5B3A33DB4}.Debug|x86.Build.0 = Debug|Any CPU
		{EFC60277-3272-49A2-A763-A9E5B3A33DB4}.Release|Any CPU.ActiveCfg = Release|Any CPU
		{EFC60277-3272-49A2-A763-A9E5B3A33DB4}.Release|Any CPU.Build.0 = Release|Any CPU
		{EFC60277-3272-49A2-A763-A9E5B3A33DB4}.Release|x64.ActiveCfg = Release|Any CPU
		{EFC60277-3272-49A2-A763-A9E5B3A33DB4}.Release|x64.Build.0 = Release|Any CPU
		{EFC60277-3272-49A2-A763-A9E5B3A33DB4}.Release|x86.ActiveCfg = Release|Any CPU
		{EFC60277-3272-49A2-A763-A9E5B3A33DB4}.Release|x86.Build.0 = Release|Any CPU
		{DDA76AFA-DC0D-46C1-B8C4-2680F4A49744}.Debug|Any CPU.ActiveCfg = Debug|Any CPU
		{DDA76AFA-DC0D-46C1-B8C4-2680F4A49744}.Debug|Any CPU.Build.0 = Debug|Any CPU
		{DDA76AFA-DC0D-46C1-B8C4-2680F4A49744}.Debug|x64.ActiveCfg = Debug|Any CPU
		{DDA76AFA-DC0D-46C1-B8C4-2680F4A49744}.Debug|x64.Build.0 = Debug|Any CPU
		{DDA76AFA-DC0D-46C1-B8C4-2680F4A49744}.Debug|x86.ActiveCfg = Debug|Any CPU
		{DDA76AFA-DC0D-46C1-B8C4-2680F4A49744}.Debug|x86.Build.0 = Debug|Any CPU
		{DDA76AFA-DC0D-46C1-B8C4-2680F4A49744}.Release|Any CPU.ActiveCfg = Release|Any CPU
		{DDA76AFA-DC0D-46C1-B8C4-2680F4A49744}.Release|Any CPU.Build.0 = Release|Any CPU
		{DDA76AFA-DC0D-46C1-B8C4-2680F4A49744}.Release|x64.ActiveCfg = Release|Any CPU
		{DDA76AFA-DC0D-46C1-B8C4-2680F4A49744}.Release|x64.Build.0 = Release|Any CPU
		{DDA76AFA-DC0D-46C1-B8C4-2680F4A49744}.Release|x86.ActiveCfg = Release|Any CPU
		{DDA76AFA-DC0D-46C1-B8C4-2680F4A49744}.Release|x86.Build.0 = Release|Any CPU
	EndGlobalSection
	GlobalSection(SolutionProperties) = preSolution
		HideSolutionNode = FALSE
	EndGlobalSection
EndGlobal
